
Microsoft Visual Studio Solution File, Format Version 12.00
# Visual Studio Version 17
VisualStudioVersion = 17.11.35327.3
MinimumVisualStudioVersion = 10.0.40219.1
Project("{9A19103F-16F7-4668-BE54-9A1E7A4F7556}") = "TitanEditor", "TitanEditor\TitanEditor.csproj", "{72B89DF5-4C35-4C61-94BD-5771C6E05C52}"
EndProject
Project("{8BC9CEB8-8B4A-11D0-8D11-00A0C91BC942}") = "Titan", "Titan\Titan.vcxproj", "{28DB5E42-6895-40B2-8971-C05DA315F938}"
EndProject
Global
	GlobalSection(SolutionConfigurationPlatforms) = preSolution
		Debug|x64 = Debug|x64
		Release|x64 = Release|x64
	EndGlobalSection
	GlobalSection(ProjectConfigurationPlatforms) = postSolution
		{28DB5E42-6895-40B2-8971-C05DA315F938}.Debug|x64.ActiveCfg = Debug|x64
		{28DB5E42-6895-40B2-8971-C05DA315F938}.Debug|x64.Build.0 = Debug|x64
		{28DB5E42-6895-40B2-8971-C05DA315F938}.Release|x64.ActiveCfg = Release|x64
		{28DB5E42-6895-40B2-8971-C05DA315F938}.Release|x64.Build.0 = Release|x64
		{72B89DF5-4C35-4C61-94BD-5771C6E05C52}.Debug|x64.ActiveCfg = Debug|Any CPU
		{72B89DF5-4C35-4C61-94BD-5771C6E05C52}.Debug|x64.Build.0 = Debug|Any CPU
		{72B89DF5-4C35-4C61-94BD-5771C6E05C52}.Release|x64.ActiveCfg = Release|Any CPU
		{72B89DF5-4C35-4C61-94BD-5771C6E05C52}.Release|x64.Build.0 = Release|Any CPU
	EndGlobalSection
	GlobalSection(SolutionProperties) = preSolution
		HideSolutionNode = FALSE
	EndGlobalSection
	GlobalSection(ExtensibilityGlobals) = postSolution
		SolutionGuid = {419A2DE0-1A45-4470-A578-F29CF4060B3E}
	EndGlobalSection
EndGlobal
